
Microsoft Visual Studio Solution File, Format Version 12.00
# Visual Studio Version 17
VisualStudioVersion = 17.2.32616.157
MinimumVisualStudioVersion = 10.0.40219.1
Project("{9A19103F-16F7-4668-BE54-9A1E7A4F7556}") = "APIDemo", "APIDemo\APIDemo.csproj", "{DAD8F7CA-9115-42CC-B050-1EA136AF46AF}"
EndProject
Project("{FAE04EC0-301F-11D3-BF4B-00C04F79EFBC}") = "MinimalAPIDemo", "MinimalAPIDemo\MinimalAPIDemo.csproj", "{7CFD3227-40A6-412D-8B16-D2ABACE09888}"
EndProject
Global
	GlobalSection(SolutionConfigurationPlatforms) = preSolution
		Debug|Any CPU = Debug|Any CPU
		Release|Any CPU = Release|Any CPU
	EndGlobalSection
	GlobalSection(ProjectConfigurationPlatforms) = postSolution
		{DAD8F7CA-9115-42CC-B050-1EA136AF46AF}.Debug|Any CPU.ActiveCfg = Debug|Any CPU
		{DAD8F7CA-9115-42CC-B050-1EA136AF46AF}.Debug|Any CPU.Build.0 = Debug|Any CPU
		{DAD8F7CA-9115-42CC-B050-1EA136AF46AF}.Release|Any CPU.ActiveCfg = Release|Any CPU
		{DAD8F7CA-9115-42CC-B050-1EA136AF46AF}.Release|Any CPU.Build.0 = Release|Any CPU
		{7CFD3227-40A6-412D-8B16-D2ABACE09888}.Debug|Any CPU.ActiveCfg = Debug|Any CPU
		{7CFD3227-40A6-412D-8B16-D2ABACE09888}.Debug|Any CPU.Build.0 = Debug|Any CPU
		{7CFD3227-40A6-412D-8B16-D2ABACE09888}.Release|Any CPU.ActiveCfg = Release|Any CPU
		{7CFD3227-40A6-412D-8B16-D2ABACE09888}.Release|Any CPU.Build.0 = Release|Any CPU
	EndGlobalSection
	GlobalSection(SolutionProperties) = preSolution
		HideSolutionNode = FALSE
	EndGlobalSection
	GlobalSection(ExtensibilityGlobals) = postSolution
		SolutionGuid = {20A4018A-35F1-4E0A-9C5E-1334916A8479}
	EndGlobalSection
EndGlobal
